<?xml version="1.0" encoding="UTF-8" standalone="yes" ?>
<CodeBlocks_project_file>
	<FileVersion major="1" minor="6" />
	<Project>
		<Option title="Cesta" />
		<Option pch_mode="2" />
		<Option compiler="gcc" />
		<Build>
			<Target title="Debug">
				<Option output="bin/Debug/Cesta" prefix_auto="1" extension_auto="1" />
				<Option object_output="obj/Debug/" />
				<Option type="1" />
				<Option compiler="gcc" />
				<Compiler>
					<Add option="-g" />
				</Compiler>
			</Target>
			<Target title="Release">
				<Option output="bin/Release/Cesta" prefix_auto="1" extension_auto="1" />
				<Option object_output="obj/Release/" />
				<Option type="1" />
				<Option compiler="gcc" />
				<Compiler>
					<Add option="-O2" />
				</Compiler>
				<Linker>
					<Add option="-s" />
				</Linker>
			</Target>
		</Build>
		<Compiler>
			<Add option="-Wall" />
			<Add option="-fexceptions" />
			<Add directory="lib/curl/include" />
			<Add directory="lib/json/single_include/nlohmann" />
		</Compiler>
		<Linker>
			<Add library="lib/curl/lib/libbrotlicommon.a" />
			<Add library="lib/curl/lib/libbrotlidec.a" />
			<Add library="lib/curl/lib/libcrypto.a" />
			<Add library="lib/curl/lib/libcurl.a" />
			<Add library="lib/curl/lib/libcurl.dll.a" />
			<Add library="lib/curl/lib/libnghttp2.a" />
			<Add library="lib/curl/lib/libnghttp3.a" />
			<Add library="lib/curl/lib/libngtcp2.a" />
			<Add library="lib/curl/lib/libngtcp2_crypto_quictls.a" />
			<Add library="lib/curl/lib/libssh2.a" />
			<Add library="lib/curl/lib/libssl.a" />
			<Add library="lib/curl/lib/libz.a" />
			<Add library="lib/curl/lib/libzstd.a" />
			<Add directory="lib/curl/lib" />
		</Linker>
		<Unit filename="Cesta.cpp" />
		<Unit filename="Cesta.h" />
		<Unit filename="main.cpp" />
		<Extensions />
	</Project>
</CodeBlocks_project_file>
